Microsoft Visual Studio Solution File, Format Version 12.00
# Visual Studio Version 16
VisualStudioVersion = 16.0.30517.126
MinimumVisualStudioVersion = 10.0.40219.1
Project("{FAE04EC0-301F-11D3-BF4B-00C04F79EFBC}") = "Boomi.Erp.Sage.Webapi.Common", "Boomi.Erp.Sage.Webapi.Common\Boomi.Erp.Sage.Webapi.Common.csproj", "{EEFB70A6-7C8F-41EF-93F0-112EF9889A66}"
EndProject
Project("{FAE04EC0-301F-11D3-BF4B-00C04F79EFBC}") = "Boomi.Erp.Sage.Webapi.Data", "Boomi.Erp.Sage.Webapi.Data\Boomi.Erp.Sage.Webapi.Data.csproj", "{B351246D-AE87-425F-ACB2-2E4C3E353323}"
EndProject
Project("{FAE04EC0-301F-11D3-BF4B-00C04F79EFBC}") = "Boomi.Erp.Sage.Webapi.Data.Tests", "Boomi.Erp.Sage.Webapi.Data.Tests\Boomi.Erp.Sage.Webapi.Data.Tests.csproj", "{E492ED13-A32A-4C04-B1B8-A9904F8C31D9}"
EndProject
Project("{FAE04EC0-301F-11D3-BF4B-00C04F79EFBC}") = "Boomi.Erp.Sage.Webapi.Domain", "Boomi.Erp.Sage.Webapi.Domain\Boomi.Erp.Sage.Webapi.Domain.csproj", "{D6319E17-7530-43F3-B993-4FA32A8A76B1}"
EndProject
Project("{FAE04EC0-301F-11D3-BF4B-00C04F79EFBC}") = "Boomi.Erp.Sage.Webapi.Models", "Boomi.Erp.Sage.Webapi.Models\Boomi.Erp.Sage.Webapi.Models.csproj", "{B08927F1-DC16-4393-AB20-BB503EEF6219}"
EndProject
Project("{FAE04EC0-301F-11D3-BF4B-00C04F79EFBC}") = "Boomi.Erp.Sage.Webapi.Server", "Boomi.Erp.Sage.Webapi.Server\Boomi.Erp.Sage.Webapi.Server.csproj", "{A22A2B18-0925-4EF7-8DE4-FBE3A5D2A8EC}"
EndProject
Global
	GlobalSection(SolutionConfigurationPlatforms) = preSolution
		Debug|Any CPU = Debug|Any CPU
		Release|Any CPU = Release|Any CPU
	EndGlobalSection
	GlobalSection(ProjectConfigurationPlatforms) = postSolution
		{EEFB70A6-7C8F-41EF-93F0-112EF9889A66}.Debug|Any CPU.ActiveCfg = Debug|Any CPU
		{EEFB70A6-7C8F-41EF-93F0-112EF9889A66}.Debug|Any CPU.Build.0 = Debug|Any CPU
		{EEFB70A6-7C8F-41EF-93F0-112EF9889A66}.Release|Any CPU.ActiveCfg = Release|Any CPU
		{EEFB70A6-7C8F-41EF-93F0-112EF9889A66}.Release|Any CPU.Build.0 = Release|Any CPU
		{B351246D-AE87-425F-ACB2-2E4C3E353323}.Debug|Any CPU.ActiveCfg = Debug|Any CPU
		{B351246D-AE87-425F-ACB2-2E4C3E353323}.Debug|Any CPU.Build.0 = Debug|Any CPU
		{B351246D-AE87-425F-ACB2-2E4C3E353323}.Release|Any CPU.ActiveCfg = Release|Any CPU
		{B351246D-AE87-425F-ACB2-2E4C3E353323}.Release|Any CPU.Build.0 = Release|Any CPU
		{E492ED13-A32A-4C04-B1B8-A9904F8C31D9}.Debug|Any CPU.ActiveCfg = Debug|Any CPU
		{E492ED13-A32A-4C04-B1B8-A9904F8C31D9}.Debug|Any CPU.Build.0 = Debug|Any CPU
		{E492ED13-A32A-4C04-B1B8-A9904F8C31D9}.Release|Any CPU.ActiveCfg = Release|Any CPU
		{E492ED13-A32A-4C04-B1B8-A9904F8C31D9}.Release|Any CPU.Build.0 = Release|Any CPU
		{D6319E17-7530-43F3-B993-4FA32A8A76B1}.Debug|Any CPU.ActiveCfg = Debug|Any CPU
		{D6319E17-7530-43F3-B993-4FA32A8A76B1}.Debug|Any CPU.Build.0 = Debug|Any CPU
		{D6319E17-7530-43F3-B993-4FA32A8A76B1}.Release|Any CPU.ActiveCfg = Release|Any CPU
		{D6319E17-7530-43F3-B993-4FA32A8A76B1}.Release|Any CPU.Build.0 = Release|Any CPU
		{B08927F1-DC16-4393-AB20-BB503EEF6219}.Debug|Any CPU.ActiveCfg = Debug|Any CPU
		{B08927F1-DC16-4393-AB20-BB503EEF6219}.Debug|Any CPU.Build.0 = Debug|Any CPU
		{B08927F1-DC16-4393-AB20-BB503EEF6219}.Release|Any CPU.ActiveCfg = Release|Any CPU
		{B08927F1-DC16-4393-AB20-BB503EEF6219}.Release|Any CPU.Build.0 = Release|Any CPU
		{A22A2B18-0925-4EF7-8DE4-FBE3A5D2A8EC}.Debug|Any CPU.ActiveCfg = Debug|Any CPU
		{A22A2B18-0925-4EF7-8DE4-FBE3A5D2A8EC}.Debug|Any CPU.Build.0 = Debug|Any CPU
		{A22A2B18-0925-4EF7-8DE4-FBE3A5D2A8EC}.Release|Any CPU.ActiveCfg = Release|Any CPU
		{A22A2B18-0925-4EF7-8DE4-FBE3A5D2A8EC}.Release|Any CPU.Build.0 = Release|Any CPU
	EndGlobalSection
	GlobalSection(SolutionProperties) = preSolution
		HideSolutionNode = FALSE
	EndGlobalSection
	GlobalSection(ExtensibilityGlobals) = postSolution
		SolutionGuid = {23B16D8E-431C-4F6E-9A8B-6B196C7EBD42}
	EndGlobalSection
EndGlobal
